
Microsoft Visual Studio Solution File, Format Version 12.00
# Visual Studio Version 17
VisualStudioVersion = 17.0.31903.59
MinimumVisualStudioVersion = 10.0.40219.1
Project("{FAE04EC0-301F-11D3-BF4B-00C04F79EFBC}") = "NomeDoProjeto", "NomeDoProjeto\NomeDoProjeto.csproj", "{B4E4D032-4AB8-4CDC-BBB0-82E577EFD56B}"
EndProject
Project("{FAE04EC0-301F-11D3-BF4B-00C04F79EFBC}") = "SmoothOperator", "SmoothOperator\SmoothOperator.csproj", "{3E76B2E7-CCAF-4A78-B2CC-A1496B7A3FEC}"
EndProject
Project("{FAE04EC0-301F-11D3-BF4B-00C04F79EFBC}") = "VariousOperators", "VariousOperators\VariousOperators.csproj", "{B78A361E-BAC8-4298-9D68-93D3E4926618}"
EndProject
Project("{FAE04EC0-301F-11D3-BF4B-00C04F79EFBC}") = "Cilindro", "Cilindro\Cilindro.csproj", "{E7F03807-7CDF-4AB9-BCA9-11B25D0E2665}"
EndProject
Project("{FAE04EC0-301F-11D3-BF4B-00C04F79EFBC}") = "ValoresEspaciais", "ValoresEspaciais\ValoresEspaciais.csproj", "{8B89176D-CC83-404E-9EA9-496D0D3E3E3E}"
EndProject
Project("{FAE04EC0-301F-11D3-BF4B-00C04F79EFBC}") = "ChatGPTZero", "ChatGPTZero\ChatGPTZero.csproj", "{8AF74224-8B1F-4A70-9AC2-D80F024239E3}"
EndProject
Project("{FAE04EC0-301F-11D3-BF4B-00C04F79EFBC}") = "ChatGPTOne", "ChatGPTOne\ChatGPTOne.csproj", "{FBBDA928-685B-4477-906B-401E261AE8D6}"
EndProject
Global
	GlobalSection(SolutionConfigurationPlatforms) = preSolution
		Debug|Any CPU = Debug|Any CPU
		Release|Any CPU = Release|Any CPU
	EndGlobalSection
	GlobalSection(SolutionProperties) = preSolution
		HideSolutionNode = FALSE
	EndGlobalSection
	GlobalSection(ProjectConfigurationPlatforms) = postSolution
		{B4E4D032-4AB8-4CDC-BBB0-82E577EFD56B}.Debug|Any CPU.ActiveCfg = Debug|Any CPU
		{B4E4D032-4AB8-4CDC-BBB0-82E577EFD56B}.Debug|Any CPU.Build.0 = Debug|Any CPU
		{B4E4D032-4AB8-4CDC-BBB0-82E577EFD56B}.Release|Any CPU.ActiveCfg = Release|Any CPU
		{B4E4D032-4AB8-4CDC-BBB0-82E577EFD56B}.Release|Any CPU.Build.0 = Release|Any CPU
		{3E76B2E7-CCAF-4A78-B2CC-A1496B7A3FEC}.Debug|Any CPU.ActiveCfg = Debug|Any CPU
		{3E76B2E7-CCAF-4A78-B2CC-A1496B7A3FEC}.Debug|Any CPU.Build.0 = Debug|Any CPU
		{3E76B2E7-CCAF-4A78-B2CC-A1496B7A3FEC}.Release|Any CPU.ActiveCfg = Release|Any CPU
		{3E76B2E7-CCAF-4A78-B2CC-A1496B7A3FEC}.Release|Any CPU.Build.0 = Release|Any CPU
		{B78A361E-BAC8-4298-9D68-93D3E4926618}.Debug|Any CPU.ActiveCfg = Debug|Any CPU
		{B78A361E-BAC8-4298-9D68-93D3E4926618}.Debug|Any CPU.Build.0 = Debug|Any CPU
		{B78A361E-BAC8-4298-9D68-93D3E4926618}.Release|Any CPU.ActiveCfg = Release|Any CPU
		{B78A361E-BAC8-4298-9D68-93D3E4926618}.Release|Any CPU.Build.0 = Release|Any CPU
		{E7F03807-7CDF-4AB9-BCA9-11B25D0E2665}.Debug|Any CPU.ActiveCfg = Debug|Any CPU
		{E7F03807-7CDF-4AB9-BCA9-11B25D0E2665}.Debug|Any CPU.Build.0 = Debug|Any CPU
		{E7F03807-7CDF-4AB9-BCA9-11B25D0E2665}.Release|Any CPU.ActiveCfg = Release|Any CPU
		{E7F03807-7CDF-4AB9-BCA9-11B25D0E2665}.Release|Any CPU.Build.0 = Release|Any CPU
		{8B89176D-CC83-404E-9EA9-496D0D3E3E3E}.Debug|Any CPU.ActiveCfg = Debug|Any CPU
		{8B89176D-CC83-404E-9EA9-496D0D3E3E3E}.Debug|Any CPU.Build.0 = Debug|Any CPU
		{8B89176D-CC83-404E-9EA9-496D0D3E3E3E}.Release|Any CPU.ActiveCfg = Release|Any CPU
		{8B89176D-CC83-404E-9EA9-496D0D3E3E3E}.Release|Any CPU.Build.0 = Release|Any CPU
		{8AF74224-8B1F-4A70-9AC2-D80F024239E3}.Debug|Any CPU.ActiveCfg = Debug|Any CPU
		{8AF74224-8B1F-4A70-9AC2-D80F024239E3}.Debug|Any CPU.Build.0 = Debug|Any CPU
		{8AF74224-8B1F-4A70-9AC2-D80F024239E3}.Release|Any CPU.ActiveCfg = Release|Any CPU
		{8AF74224-8B1F-4A70-9AC2-D80F024239E3}.Release|Any CPU.Build.0 = Release|Any CPU
		{FBBDA928-685B-4477-906B-401E261AE8D6}.Debug|Any CPU.ActiveCfg = Debug|Any CPU
		{FBBDA928-685B-4477-906B-401E261AE8D6}.Debug|Any CPU.Build.0 = Debug|Any CPU
		{FBBDA928-685B-4477-906B-401E261AE8D6}.Release|Any CPU.ActiveCfg = Release|Any CPU
		{FBBDA928-685B-4477-906B-401E261AE8D6}.Release|Any CPU.Build.0 = Release|Any CPU
	EndGlobalSection
EndGlobal
